
Microsoft Visual Studio Solution File, Format Version 12.00
# Visual Studio Version 17
VisualStudioVersion = 17.10.35013.160
MinimumVisualStudioVersion = 10.0.40219.1
Project("{2150E333-8FDC-42A3-9474-1A3956D46DE8}") = "src", "src", "{53C087B0-B962-4304-9BAB-CF97AA54467C}"
EndProject
Project("{2150E333-8FDC-42A3-9474-1A3956D46DE8}") = "tests", "tests", "{3402B649-65AC-4E97-9D61-3EFD5ECAC551}"
EndProject
Project("{2150E333-8FDC-42A3-9474-1A3956D46DE8}") = "samples", "samples", "{83E0937E-5C14-4AE9-92D9-6C82E51794F5}"
EndProject
Project("{9A19103F-16F7-4668-BE54-9A1E7A4F7556}") = "Jobby.Core", "src\Jobby.Core\Jobby.Core.csproj", "{5AA62F61-562E-4C2D-B723-4991026FCCBA}"
EndProject
Project("{9A19103F-16F7-4668-BE54-9A1E7A4F7556}") = "Jobby.Tests.Core", "tests\Jobby.Tests.Core\Jobby.Tests.Core.csproj", "{D2578D1D-8D8F-422D-BAC4-DA8CA259BA9F}"
EndProject
Project("{9A19103F-16F7-4668-BE54-9A1E7A4F7556}") = "Jobby.Samples.CliJobsSample", "samples\Jobby.Samples.CliJobsSample\Jobby.Samples.CliJobsSample.csproj", "{8CDAE691-0E98-48B1-830A-77ED6DBF540C}"
EndProject
Project("{9A19103F-16F7-4668-BE54-9A1E7A4F7556}") = "Jobby.Postgres", "src\Jobby.Postgres\Jobby.Postgres.csproj", "{CD553FDC-9DF2-4E14-BEAF-03246C8B222D}"
EndProject
Project("{2150E333-8FDC-42A3-9474-1A3956D46DE8}") = "benchmarks", "benchmarks", "{9760726B-474A-4886-BF1F-CB06AD9ADE0B}"
EndProject
Project("{9A19103F-16F7-4668-BE54-9A1E7A4F7556}") = "Jobby.Benchmarks", "benchmarks\Jobby.Benchmarks\Jobby.Benchmarks.csproj", "{1B76E3CC-6E46-4D9A-B541-A0C044F29A16}"
EndProject
Project("{9A19103F-16F7-4668-BE54-9A1E7A4F7556}") = "Jobby.Tests.Postgres", "tests\Jobby.Tests.Postgres\Jobby.Tests.Postgres.csproj", "{6194735B-0FBF-4E74-86F7-0097D4A87327}"
EndProject
Project("{9A19103F-16F7-4668-BE54-9A1E7A4F7556}") = "Jobby.AspNetCore", "src\Jobby.AspNetCore\Jobby.AspNetCore.csproj", "{25E9075D-E456-4729-AE9B-27AF993FF977}"
EndProject
Project("{9A19103F-16F7-4668-BE54-9A1E7A4F7556}") = "Jobby.Samples.AspNet", "samples\Jobby.Samples.AspNet\Jobby.Samples.AspNet.csproj", "{FAE1EF23-A878-43F6-B0F6-87FADC6D538E}"
EndProject
Project("{9A19103F-16F7-4668-BE54-9A1E7A4F7556}") = "Jobby.TestsUtils", "tests\Jobby.TestsUtils\Jobby.TestsUtils.csproj", "{CE48A795-7CF0-40C6-98A0-25518F15E957}"
EndProject
Project("{9A19103F-16F7-4668-BE54-9A1E7A4F7556}") = "Jobby.IntegrationTests.Postgres", "tests\Jobby.IntegrationTests.Postgres\Jobby.IntegrationTests.Postgres.csproj", "{7FD9CADC-7E50-4778-BCA1-09DB88C9EF1F}"
EndProject
Project("{2150E333-8FDC-42A3-9474-1A3956D46DE8}") = "Solution Items", "Solution Items", "{037EFD35-6F28-4316-ACED-DF90DC22559F}"
	ProjectSection(SolutionItems) = preProject
		docker-compose.postgresql.yml = docker-compose.postgresql.yml
		docs\en\overview.md = docs\en\overview.md
		docs\logo\jobby_logo_1024.png = docs\logo\jobby_logo_1024.png
		docs\logo\jobby_logo_256.png = docs\logo\jobby_logo_256.png
		docs\logo\jobby_package_icon.png = docs\logo\jobby_package_icon.png
		docs\ru\overview.md = docs\ru\overview.md
		README.md = README.md
		.github\workflows\dotnet.yml = .github\workflows\dotnet.yml
	EndProjectSection
EndProject
Project("{9A19103F-16F7-4668-BE54-9A1E7A4F7556}") = "Jobby.Tests.AspNetCore", "tests\Jobby.Tests.AspNetCore\Jobby.Tests.AspNetCore.csproj", "{862D2279-DCA4-4CCC-A665-BF46C769E817}"
EndProject
Global
	GlobalSection(SolutionConfigurationPlatforms) = preSolution
		Debug|Any CPU = Debug|Any CPU
		Release|Any CPU = Release|Any CPU
	EndGlobalSection
	GlobalSection(ProjectConfigurationPlatforms) = postSolution
		{5AA62F61-562E-4C2D-B723-4991026FCCBA}.Debug|Any CPU.ActiveCfg = Debug|Any CPU
		{5AA62F61-562E-4C2D-B723-4991026FCCBA}.Debug|Any CPU.Build.0 = Debug|Any CPU
		{5AA62F61-562E-4C2D-B723-4991026FCCBA}.Release|Any CPU.ActiveCfg = Release|Any CPU
		{5AA62F61-562E-4C2D-B723-4991026FCCBA}.Release|Any CPU.Build.0 = Release|Any CPU
		{D2578D1D-8D8F-422D-BAC4-DA8CA259BA9F}.Debug|Any CPU.ActiveCfg = Debug|Any CPU
		{D2578D1D-8D8F-422D-BAC4-DA8CA259BA9F}.Debug|Any CPU.Build.0 = Debug|Any CPU
		{D2578D1D-8D8F-422D-BAC4-DA8CA259BA9F}.Release|Any CPU.ActiveCfg = Release|Any CPU
		{D2578D1D-8D8F-422D-BAC4-DA8CA259BA9F}.Release|Any CPU.Build.0 = Release|Any CPU
		{8CDAE691-0E98-48B1-830A-77ED6DBF540C}.Debug|Any CPU.ActiveCfg = Debug|Any CPU
		{8CDAE691-0E98-48B1-830A-77ED6DBF540C}.Debug|Any CPU.Build.0 = Debug|Any CPU
		{8CDAE691-0E98-48B1-830A-77ED6DBF540C}.Release|Any CPU.ActiveCfg = Release|Any CPU
		{8CDAE691-0E98-48B1-830A-77ED6DBF540C}.Release|Any CPU.Build.0 = Release|Any CPU
		{CD553FDC-9DF2-4E14-BEAF-03246C8B222D}.Debug|Any CPU.ActiveCfg = Debug|Any CPU
		{CD553FDC-9DF2-4E14-BEAF-03246C8B222D}.Debug|Any CPU.Build.0 = Debug|Any CPU
		{CD553FDC-9DF2-4E14-BEAF-03246C8B222D}.Release|Any CPU.ActiveCfg = Release|Any CPU
		{CD553FDC-9DF2-4E14-BEAF-03246C8B222D}.Release|Any CPU.Build.0 = Release|Any CPU
		{1B76E3CC-6E46-4D9A-B541-A0C044F29A16}.Debug|Any CPU.ActiveCfg = Debug|Any CPU
		{1B76E3CC-6E46-4D9A-B541-A0C044F29A16}.Debug|Any CPU.Build.0 = Debug|Any CPU
		{1B76E3CC-6E46-4D9A-B541-A0C044F29A16}.Release|Any CPU.ActiveCfg = Release|Any CPU
		{1B76E3CC-6E46-4D9A-B541-A0C044F29A16}.Release|Any CPU.Build.0 = Release|Any CPU
		{6194735B-0FBF-4E74-86F7-0097D4A87327}.Debug|Any CPU.ActiveCfg = Debug|Any CPU
		{6194735B-0FBF-4E74-86F7-0097D4A87327}.Debug|Any CPU.Build.0 = Debug|Any CPU
		{6194735B-0FBF-4E74-86F7-0097D4A87327}.Release|Any CPU.ActiveCfg = Release|Any CPU
		{6194735B-0FBF-4E74-86F7-0097D4A87327}.Release|Any CPU.Build.0 = Release|Any CPU
		{25E9075D-E456-4729-AE9B-27AF993FF977}.Debug|Any CPU.ActiveCfg = Debug|Any CPU
		{25E9075D-E456-4729-AE9B-27AF993FF977}.Debug|Any CPU.Build.0 = Debug|Any CPU
		{25E9075D-E456-4729-AE9B-27AF993FF977}.Release|Any CPU.ActiveCfg = Release|Any CPU
		{25E9075D-E456-4729-AE9B-27AF993FF977}.Release|Any CPU.Build.0 = Release|Any CPU
		{FAE1EF23-A878-43F6-B0F6-87FADC6D538E}.Debug|Any CPU.ActiveCfg = Debug|Any CPU
		{FAE1EF23-A878-43F6-B0F6-87FADC6D538E}.Debug|Any CPU.Build.0 = Debug|Any CPU
		{FAE1EF23-A878-43F6-B0F6-87FADC6D538E}.Release|Any CPU.ActiveCfg = Release|Any CPU
		{FAE1EF23-A878-43F6-B0F6-87FADC6D538E}.Release|Any CPU.Build.0 = Release|Any CPU
		{CE48A795-7CF0-40C6-98A0-25518F15E957}.Debug|Any CPU.ActiveCfg = Debug|Any CPU
		{CE48A795-7CF0-40C6-98A0-25518F15E957}.Debug|Any CPU.Build.0 = Debug|Any CPU
		{CE48A795-7CF0-40C6-98A0-25518F15E957}.Release|Any CPU.ActiveCfg = Release|Any CPU
		{CE48A795-7CF0-40C6-98A0-25518F15E957}.Release|Any CPU.Build.0 = Release|Any CPU
		{7FD9CADC-7E50-4778-BCA1-09DB88C9EF1F}.Debug|Any CPU.ActiveCfg = Debug|Any CPU
		{7FD9CADC-7E50-4778-BCA1-09DB88C9EF1F}.Debug|Any CPU.Build.0 = Debug|Any CPU
		{7FD9CADC-7E50-4778-BCA1-09DB88C9EF1F}.Release|Any CPU.ActiveCfg = Release|Any CPU
		{7FD9CADC-7E50-4778-BCA1-09DB88C9EF1F}.Release|Any CPU.Build.0 = Release|Any CPU
		{862D2279-DCA4-4CCC-A665-BF46C769E817}.Debug|Any CPU.ActiveCfg = Debug|Any CPU
		{862D2279-DCA4-4CCC-A665-BF46C769E817}.Debug|Any CPU.Build.0 = Debug|Any CPU
		{862D2279-DCA4-4CCC-A665-BF46C769E817}.Release|Any CPU.ActiveCfg = Release|Any CPU
		{862D2279-DCA4-4CCC-A665-BF46C769E817}.Release|Any CPU.Build.0 = Release|Any CPU
	EndGlobalSection
	GlobalSection(SolutionProperties) = preSolution
		HideSolutionNode = FALSE
	EndGlobalSection
	GlobalSection(NestedProjects) = preSolution
		{5AA62F61-562E-4C2D-B723-4991026FCCBA} = {53C087B0-B962-4304-9BAB-CF97AA54467C}
		{D2578D1D-8D8F-422D-BAC4-DA8CA259BA9F} = {3402B649-65AC-4E97-9D61-3EFD5ECAC551}
		{8CDAE691-0E98-48B1-830A-77ED6DBF540C} = {83E0937E-5C14-4AE9-92D9-6C82E51794F5}
		{CD553FDC-9DF2-4E14-BEAF-03246C8B222D} = {53C087B0-B962-4304-9BAB-CF97AA54467C}
		{1B76E3CC-6E46-4D9A-B541-A0C044F29A16} = {9760726B-474A-4886-BF1F-CB06AD9ADE0B}
		{6194735B-0FBF-4E74-86F7-0097D4A87327} = {3402B649-65AC-4E97-9D61-3EFD5ECAC551}
		{25E9075D-E456-4729-AE9B-27AF993FF977} = {53C087B0-B962-4304-9BAB-CF97AA54467C}
		{FAE1EF23-A878-43F6-B0F6-87FADC6D538E} = {83E0937E-5C14-4AE9-92D9-6C82E51794F5}
		{CE48A795-7CF0-40C6-98A0-25518F15E957} = {3402B649-65AC-4E97-9D61-3EFD5ECAC551}
		{7FD9CADC-7E50-4778-BCA1-09DB88C9EF1F} = {3402B649-65AC-4E97-9D61-3EFD5ECAC551}
		{862D2279-DCA4-4CCC-A665-BF46C769E817} = {3402B649-65AC-4E97-9D61-3EFD5ECAC551}
	EndGlobalSection
	GlobalSection(ExtensibilityGlobals) = postSolution
		SolutionGuid = {23088ACE-0F91-45A0-AA33-62075083224F}
	EndGlobalSection
EndGlobal
